
Microsoft Visual Studio Solution File, Format Version 12.00
# Visual Studio Version 17
VisualStudioVersion = 17.5.002.0
MinimumVisualStudioVersion = 10.0.40219.1
Project("{9A19103F-16F7-4668-BE54-9A1E7A4F7556}") = "SingletonBasico", "SingletonBasico\SingletonBasico.csproj", "{482FFCDA-07C0-4D81-BF79-FDFDF4DC04C9}"
EndProject
Project("{9A19103F-16F7-4668-BE54-9A1E7A4F7556}") = "SingletonEventLog", "SingletonEventLog\SingletonEventLog.csproj", "{3E3F1740-BB76-4E8C-9BFF-A6A6C7600295}"
EndProject
Project("{9A19103F-16F7-4668-BE54-9A1E7A4F7556}") = "SingletonThreadSafe", "SingletonThreadSafe\SingletonThreadSafe.csproj", "{FE0E0E52-A068-4421-B96C-FEFFAEADAFBF}"
EndProject
Project("{9A19103F-16F7-4668-BE54-9A1E7A4F7556}") = "BuilderBasico", "BuilderBasico\BuilderBasico.csproj", "{316F578B-8242-4EC0-94DB-AF88862089FF}"
EndProject
Project("{9A19103F-16F7-4668-BE54-9A1E7A4F7556}") = "BuilderFast-food", "BuilderFast-food\BuilderFast-food.csproj", "{5363443D-C30B-42E4-864B-7C080C27F520}"
EndProject
Global
	GlobalSection(SolutionConfigurationPlatforms) = preSolution
		Debug|Any CPU = Debug|Any CPU
		Release|Any CPU = Release|Any CPU
	EndGlobalSection
	GlobalSection(ProjectConfigurationPlatforms) = postSolution
		{482FFCDA-07C0-4D81-BF79-FDFDF4DC04C9}.Debug|Any CPU.ActiveCfg = Debug|Any CPU
		{482FFCDA-07C0-4D81-BF79-FDFDF4DC04C9}.Debug|Any CPU.Build.0 = Debug|Any CPU
		{482FFCDA-07C0-4D81-BF79-FDFDF4DC04C9}.Release|Any CPU.ActiveCfg = Release|Any CPU
		{482FFCDA-07C0-4D81-BF79-FDFDF4DC04C9}.Release|Any CPU.Build.0 = Release|Any CPU
		{3E3F1740-BB76-4E8C-9BFF-A6A6C7600295}.Debug|Any CPU.ActiveCfg = Debug|Any CPU
		{3E3F1740-BB76-4E8C-9BFF-A6A6C7600295}.Debug|Any CPU.Build.0 = Debug|Any CPU
		{3E3F1740-BB76-4E8C-9BFF-A6A6C7600295}.Release|Any CPU.ActiveCfg = Release|Any CPU
		{3E3F1740-BB76-4E8C-9BFF-A6A6C7600295}.Release|Any CPU.Build.0 = Release|Any CPU
		{FE0E0E52-A068-4421-B96C-FEFFAEADAFBF}.Debug|Any CPU.ActiveCfg = Debug|Any CPU
		{FE0E0E52-A068-4421-B96C-FEFFAEADAFBF}.Debug|Any CPU.Build.0 = Debug|Any CPU
		{FE0E0E52-A068-4421-B96C-FEFFAEADAFBF}.Release|Any CPU.ActiveCfg = Release|Any CPU
		{FE0E0E52-A068-4421-B96C-FEFFAEADAFBF}.Release|Any CPU.Build.0 = Release|Any CPU
		{316F578B-8242-4EC0-94DB-AF88862089FF}.Debug|Any CPU.ActiveCfg = Debug|Any CPU
		{316F578B-8242-4EC0-94DB-AF88862089FF}.Debug|Any CPU.Build.0 = Debug|Any CPU
		{316F578B-8242-4EC0-94DB-AF88862089FF}.Release|Any CPU.ActiveCfg = Release|Any CPU
		{316F578B-8242-4EC0-94DB-AF88862089FF}.Release|Any CPU.Build.0 = Release|Any CPU
		{5363443D-C30B-42E4-864B-7C080C27F520}.Debug|Any CPU.ActiveCfg = Debug|Any CPU
		{5363443D-C30B-42E4-864B-7C080C27F520}.Debug|Any CPU.Build.0 = Debug|Any CPU
		{5363443D-C30B-42E4-864B-7C080C27F520}.Release|Any CPU.ActiveCfg = Release|Any CPU
		{5363443D-C30B-42E4-864B-7C080C27F520}.Release|Any CPU.Build.0 = Release|Any CPU
	EndGlobalSection
	GlobalSection(SolutionProperties) = preSolution
		HideSolutionNode = FALSE
	EndGlobalSection
	GlobalSection(ExtensibilityGlobals) = postSolution
		SolutionGuid = {6CBEC27E-264F-49AB-A670-5569264419DC}
	EndGlobalSection
EndGlobal
