
Microsoft Visual Studio Solution File, Format Version 12.00
# Visual Studio Version 17
VisualStudioVersion = 17.5.002.0
MinimumVisualStudioVersion = 10.0.40219.1
Project("{9A19103F-16F7-4668-BE54-9A1E7A4F7556}") = "AbstractFactoryPayment", "AbstractFactoryPayment.csproj", "{79000A4D-D829-4C1C-9DCB-75D5D3E1F35A}"
EndProject
Global
	GlobalSection(SolutionConfigurationPlatforms) = preSolution
		Debug|Any CPU = Debug|Any CPU
		Release|Any CPU = Release|Any CPU
	EndGlobalSection
	GlobalSection(ProjectConfigurationPlatforms) = postSolution
		{79000A4D-D829-4C1C-9DCB-75D5D3E1F35A}.Debug|Any CPU.ActiveCfg = Debug|Any CPU
		{79000A4D-D829-4C1C-9DCB-75D5D3E1F35A}.Debug|Any CPU.Build.0 = Debug|Any CPU
		{79000A4D-D829-4C1C-9DCB-75D5D3E1F35A}.Release|Any CPU.ActiveCfg = Release|Any CPU
		{79000A4D-D829-4C1C-9DCB-75D5D3E1F35A}.Release|Any CPU.Build.0 = Release|Any CPU
	EndGlobalSection
	GlobalSection(SolutionProperties) = preSolution
		HideSolutionNode = FALSE
	EndGlobalSection
	GlobalSection(ExtensibilityGlobals) = postSolution
		SolutionGuid = {CF37572F-7A51-4BEE-93A1-074DF12101F5}
	EndGlobalSection
EndGlobal
